# THIS IS AN AUTOGENERATED FILE. DO NOT EDIT THIS FILE DIRECTLY.
# yarn lockfile v1


"@hotwired/stimulus-webpack-helpers@^1.0.0":
  version "1.0.1"
  resolved "https://registry.yarnpkg.com/@hotwired/stimulus-webpack-helpers/-/stimulus-webpack-helpers-1.0.1.tgz#4cd74487adeca576c9865ac2b9fe5cb20cef16dd"
  integrity sha512-wa/zupVG0eWxRYJjC1IiPBdt3Lruv0RqGN+/DTMmUWUyMAEB27KXmVY6a8YpUVTM7QwVuaLNGW4EqDgrS2upXQ==

"@hotwired/stimulus@^3.2.2":
  version "3.2.2"
  resolved "https://registry.yarnpkg.com/@hotwired/stimulus/-/stimulus-3.2.2.tgz#071aab59c600fed95b97939e605ff261a4251608"
  integrity sha512-eGeIqNOQpXoPAIP7tC1+1Yc1yl1xnwYqg+3mzqxyrbE5pg5YFBZcA6YoTiByJB6DKAEsiWtl6tjTJS4IYtbB7A==

"@kurkle/color@^0.3.0":
  version "0.3.2"
  resolved "https://registry.npmjs.org/@kurkle/color/-/color-0.3.2.tgz"
  integrity sha512-fuscdXJ9G1qb7W8VdHi+IwRqij3lBkosAm4ydQtEmbY58OzHXqQhvlxqEkoz0yssNVn38bcpRWgA9PP+OGoisw==

chart.js@^4.4.0:
  version "4.4.0"
  resolved "https://registry.npmjs.org/chart.js/-/chart.js-4.4.0.tgz"
  integrity sha512-vQEj6d+z0dcsKLlQvbKIMYFHd3t8W/7L2vfJIbYcfyPcRx92CsHqECpueN8qVGNlKyDcr5wBrYAYKnfu/9Q1hQ==
  dependencies:
    "@kurkle/color" "^0.3.0"

stimulus@^3.2.2:
  version "3.2.2"
  resolved "https://registry.yarnpkg.com/stimulus/-/stimulus-3.2.2.tgz#a2e955f43e12e2e5784b175d4df5517ef678aa68"
  integrity sha512-sEGK0ofeMuW+B2oPLTigCqxl47P9vRfZxeqzY5Hk1u0QPWS8DZhW+VOEEyngtzdHM+MutXKGBT8BkUKoA0060Q==
  dependencies:
    "@hotwired/stimulus" "^3.2.2"
    "@hotwired/stimulus-webpack-helpers" "^1.0.0"
